
Microsoft Visual Studio Solution File, Format Version 12.00
# Visual Studio Version 16
VisualStudioVersion = 16.0.30523.141
MinimumVisualStudioVersion = 10.0.40219.1
Project("{FAE04EC0-301F-11D3-BF4B-00C04F79EFBC}") = "BusListGenerator", "BusListGenerator\BusListGenerator.csproj", "{01B2BB7C-81F5-4E32-AFC6-C906044B9109}"
EndProject
Global
	GlobalSection(SolutionConfigurationPlatforms) = preSolution
		Debug|Any CPU = Debug|Any CPU
		Release|Any CPU = Release|Any CPU
	EndGlobalSection
	GlobalSection(ProjectConfigurationPlatforms) = postSolution
		{01B2BB7C-81F5-4E32-AFC6-C906044B9109}.Debug|Any CPU.ActiveCfg = Debug|Any CPU
		{01B2BB7C-81F5-4E32-AFC6-C906044B9109}.Debug|Any CPU.Build.0 = Debug|Any CPU
		{01B2BB7C-81F5-4E32-AFC6-C906044B9109}.Release|Any CPU.ActiveCfg = Release|Any CPU
		{01B2BB7C-81F5-4E32-AFC6-C906044B9109}.Release|Any CPU.Build.0 = Release|Any CPU
	EndGlobalSection
	GlobalSection(SolutionProperties) = preSolution
		HideSolutionNode = FALSE
	EndGlobalSection
	GlobalSection(ExtensibilityGlobals) = postSolution
		SolutionGuid = {65707CBE-39D0-4A2F-A82F-D388E7D01125}
	EndGlobalSection
EndGlobal
